
Microsoft Visual Studio Solution File, Format Version 12.00
# Visual Studio Version 17
VisualStudioVersion = 17.2.32519.379
MinimumVisualStudioVersion = 10.0.40219.1
Project("{FAE04EC0-301F-11D3-BF4B-00C04F79EFBC}") = "Task1", "Task1\Task1.csproj", "{1841203A-B645-46C5-AF6F-23883436B497}"
EndProject
Project("{FAE04EC0-301F-11D3-BF4B-00C04F79EFBC}") = "Task2", "Task2\Task2.csproj", "{EA3E58CB-D65F-4BFE-9E45-EEEF78DAA9EE}"
EndProject
Global
	GlobalSection(SolutionConfigurationPlatforms) = preSolution
		Debug|Any CPU = Debug|Any CPU
		Release|Any CPU = Release|Any CPU
	EndGlobalSection
	GlobalSection(ProjectConfigurationPlatforms) = postSolution
		{1841203A-B645-46C5-AF6F-23883436B497}.Debug|Any CPU.ActiveCfg = Debug|Any CPU
		{1841203A-B645-46C5-AF6F-23883436B497}.Debug|Any CPU.Build.0 = Debug|Any CPU
		{1841203A-B645-46C5-AF6F-23883436B497}.Release|Any CPU.ActiveCfg = Release|Any CPU
		{1841203A-B645-46C5-AF6F-23883436B497}.Release|Any CPU.Build.0 = Release|Any CPU
		{EA3E58CB-D65F-4BFE-9E45-EEEF78DAA9EE}.Debug|Any CPU.ActiveCfg = Debug|Any CPU
		{EA3E58CB-D65F-4BFE-9E45-EEEF78DAA9EE}.Debug|Any CPU.Build.0 = Debug|Any CPU
		{EA3E58CB-D65F-4BFE-9E45-EEEF78DAA9EE}.Release|Any CPU.ActiveCfg = Release|Any CPU
		{EA3E58CB-D65F-4BFE-9E45-EEEF78DAA9EE}.Release|Any CPU.Build.0 = Release|Any CPU
	EndGlobalSection
	GlobalSection(SolutionProperties) = preSolution
		HideSolutionNode = FALSE
	EndGlobalSection
	GlobalSection(ExtensibilityGlobals) = postSolution
		SolutionGuid = {359B3715-E2DC-4EB3-8710-858A9604B8B6}
	EndGlobalSection
EndGlobal
