
Microsoft Visual Studio Solution File, Format Version 12.00
# Visual Studio Version 17
VisualStudioVersion = 17.2.32519.379
MinimumVisualStudioVersion = 10.0.40219.1
Project("{FAE04EC0-301F-11D3-BF4B-00C04F79EFBC}") = "Task1", "Task1\Task1.csproj", "{19AE2471-04BE-4CED-AECE-5DA3C6D19692}"
EndProject
Global
	GlobalSection(SolutionConfigurationPlatforms) = preSolution
		Debug|Any CPU = Debug|Any CPU
		Release|Any CPU = Release|Any CPU
	EndGlobalSection
	GlobalSection(ProjectConfigurationPlatforms) = postSolution
		{19AE2471-04BE-4CED-AECE-5DA3C6D19692}.Debug|Any CPU.ActiveCfg = Debug|Any CPU
		{19AE2471-04BE-4CED-AECE-5DA3C6D19692}.Debug|Any CPU.Build.0 = Debug|Any CPU
		{19AE2471-04BE-4CED-AECE-5DA3C6D19692}.Release|Any CPU.ActiveCfg = Release|Any CPU
		{19AE2471-04BE-4CED-AECE-5DA3C6D19692}.Release|Any CPU.Build.0 = Release|Any CPU
	EndGlobalSection
	GlobalSection(SolutionProperties) = preSolution
		HideSolutionNode = FALSE
	EndGlobalSection
	GlobalSection(ExtensibilityGlobals) = postSolution
		SolutionGuid = {AB004073-9862-4D40-93CD-CB47EA67F4BD}
	EndGlobalSection
EndGlobal
